// !$*UTF8*$!
{
	archiveVersion = 1;
	classes = {
	};
	objectVersion = 55;
	objects = {

/* Begin PBXBuildFile section */
		4D05998627A818A80053D034 /* AppDelegate.swift in Sources */ = {isa = PBXBuildFile; fileRef = 4D05998527A818A80053D034 /* AppDelegate.swift */; };
		4D05998827A818A80053D034 /* SceneDelegate.swift in Sources */ = {isa = PBXBuildFile; fileRef = 4D05998727A818A80053D034 /* SceneDelegate.swift */; };
		4D05998A27A818A80053D034 /* FetchAllViewController.swift in Sources */ = {isa = PBXBuildFile; fileRef = 4D05998927A818A80053D034 /* FetchAllViewController.swift */; };
		4D05998D27A818A80053D034 /* Main.storyboard in Resources */ = {isa = PBXBuildFile; fileRef = 4D05998B27A818A80053D034 /* Main.storyboard */; };
		4D05998F27A818AA0053D034 /* Assets.xcassets in Resources */ = {isa = PBXBuildFile; fileRef = 4D05998E27A818AA0053D034 /* Assets.xcassets */; };
		4D05999227A818AA0053D034 /* LaunchScreen.storyboard in Resources */ = {isa = PBXBuildFile; fileRef = 4D05999027A818AA0053D034 /* LaunchScreen.storyboard */; };
		4D05999B27A81C1E0053D034 /* ModelPosts.swift in Sources */ = {isa = PBXBuildFile; fileRef = 4D05999A27A81C1E0053D034 /* ModelPosts.swift */; };
		4D0599A027A83B910053D034 /* Alamofire.swift in Sources */ = {isa = PBXBuildFile; fileRef = 4D05999F27A83B910053D034 /* Alamofire.swift */; };
		4D0599A627A873490053D034 /* AllPostsViewCell.swift in Sources */ = {isa = PBXBuildFile; fileRef = 4D0599A527A873490053D034 /* AllPostsViewCell.swift */; };
		4D0599AA27AA911A0053D034 /* JsonPost in Resources */ = {isa = PBXBuildFile; fileRef = 4D0599A927AA911A0053D034 /* JsonPost */; };
		4D0599AC27AA91540053D034 /* jsonPosts in Resources */ = {isa = PBXBuildFile; fileRef = 4D0599AB27AA91540053D034 /* jsonPosts */; };
		EC7AB400D8C698EDB9961E7C /* Pods_TaskLoadPosts.framework in Frameworks */ = {isa = PBXBuildFile; fileRef = 70812A9E71E1F07529AE4596 /* Pods_TaskLoadPosts.framework */; };
/* End PBXBuildFile section */

/* Begin PBXFileReference section */
		3FC59209BADCFD83A5386B42 /* Pods-TaskLoadPosts.release.xcconfig */ = {isa = PBXFileReference; includeInIndex = 1; lastKnownFileType = text.xcconfig; name = "Pods-TaskLoadPosts.release.xcconfig"; path = "Target Support Files/Pods-TaskLoadPosts/Pods-TaskLoadPosts.release.xcconfig"; sourceTree = "<group>"; };
		4D05998227A818A70053D034 /* TaskLoadPosts.app */ = {isa = PBXFileReference; explicitFileType = wrapper.application; includeInIndex = 0; path = TaskLoadPosts.app; sourceTree = BUILT_PRODUCTS_DIR; };
		4D05998527A818A80053D034 /* AppDelegate.swift */ = {isa = PBXFileReference; lastKnownFileType = sourcecode.swift; path = AppDelegate.swift; sourceTree = "<group>"; };
		4D05998727A818A80053D034 /* SceneDelegate.swift */ = {isa = PBXFileReference; lastKnownFileType = sourcecode.swift; path = SceneDelegate.swift; sourceTree = "<group>"; };
		4D05998927A818A80053D034 /* FetchAllViewController.swift */ = {isa = PBXFileReference; lastKnownFileType = sourcecode.swift; path = FetchAllViewController.swift; sourceTree = "<group>"; };
		4D05998C27A818A80053D034 /* Base */ = {isa = PBXFileReference; lastKnownFileType = file.storyboard; name = Base; path = Base.lproj/Main.storyboard; sourceTree = "<group>"; };
		4D05998E27A818AA0053D034 /* Assets.xcassets */ = {isa = PBXFileReference; lastKnownFileType = folder.assetcatalog; path = Assets.xcassets; sourceTree = "<group>"; };
		4D05999127A818AA0053D034 /* Base */ = {isa = PBXFileReference; lastKnownFileType = file.storyboard; name = Base; path = Base.lproj/LaunchScreen.storyboard; sourceTree = "<group>"; };
		4D05999327A818AA0053D034 /* Info.plist */ = {isa = PBXFileReference; lastKnownFileType = text.plist.xml; path = Info.plist; sourceTree = "<group>"; };
		4D05999A27A81C1E0053D034 /* ModelPosts.swift */ = {isa = PBXFileReference; lastKnownFileType = sourcecode.swift; path = ModelPosts.swift; sourceTree = "<group>"; };
		4D05999F27A83B910053D034 /* Alamofire.swift */ = {isa = PBXFileReference; lastKnownFileType = sourcecode.swift; path = Alamofire.swift; sourceTree = "<group>"; };
		4D0599A527A873490053D034 /* AllPostsViewCell.swift */ = {isa = PBXFileReference; lastKnownFileType = sourcecode.swift; path = AllPostsViewCell.swift; sourceTree = "<group>"; };
		4D0599A927AA911A0053D034 /* JsonPost */ = {isa = PBXFileReference; lastKnownFileType = text; path = JsonPost; sourceTree = "<group>"; };
		4D0599AB27AA91540053D034 /* jsonPosts */ = {isa = PBXFileReference; lastKnownFileType = text; path = jsonPosts; sourceTree = "<group>"; };
		70812A9E71E1F07529AE4596 /* Pods_TaskLoadPosts.framework */ = {isa = PBXFileReference; explicitFileType = wrapper.framework; includeInIndex = 0; path = Pods_TaskLoadPosts.framework; sourceTree = BUILT_PRODUCTS_DIR; };
		89824E92610FF845D40CDBA1 /* Pods-TaskLoadPosts.debug.xcconfig */ = {isa = PBXFileReference; includeInIndex = 1; lastKnownFileType = text.xcconfig; name = "Pods-TaskLoadPosts.debug.xcconfig"; path = "Target Support Files/Pods-TaskLoadPosts/Pods-TaskLoadPosts.debug.xcconfig"; sourceTree = "<group>"; };
/* End PBXFileReference section */

/* Begin PBXFrameworksBuildPhase section */
		4D05997F27A818A70053D034 /* Frameworks */ = {
			isa = PBXFrameworksBuildPhase;
			buildActionMask = 2147483647;
			files = (
				EC7AB400D8C698EDB9961E7C /* Pods_TaskLoadPosts.framework in Frameworks */,
			);
			runOnlyForDeploymentPostprocessing = 0;
		};
/* End PBXFrameworksBuildPhase section */

/* Begin PBXGroup section */
		0C364A79346BE8679A9263A7 /* Frameworks */ = {
			isa = PBXGroup;
			children = (
				70812A9E71E1F07529AE4596 /* Pods_TaskLoadPosts.framework */,
			);
			name = Frameworks;
			sourceTree = "<group>";
		};
		2DBAE744C7AB6A53A5AEC5FA /* Pods */ = {
			isa = PBXGroup;
			children = (
				89824E92610FF845D40CDBA1 /* Pods-TaskLoadPosts.debug.xcconfig */,
				3FC59209BADCFD83A5386B42 /* Pods-TaskLoadPosts.release.xcconfig */,
			);
			path = Pods;
			sourceTree = "<group>";
		};
		4D05997927A818A70053D034 = {
			isa = PBXGroup;
			children = (
				4D05998427A818A80053D034 /* TaskLoadPosts */,
				4D05998327A818A70053D034 /* Products */,
				2DBAE744C7AB6A53A5AEC5FA /* Pods */,
				0C364A79346BE8679A9263A7 /* Frameworks */,
			);
			sourceTree = "<group>";
		};
		4D05998327A818A70053D034 /* Products */ = {
			isa = PBXGroup;
			children = (
				4D05998227A818A70053D034 /* TaskLoadPosts.app */,
			);
			name = Products;
			sourceTree = "<group>";
		};
		4D05998427A818A80053D034 /* TaskLoadPosts */ = {
			isa = PBXGroup;
			children = (
				4D05998527A818A80053D034 /* AppDelegate.swift */,
				4D05998727A818A80053D034 /* SceneDelegate.swift */,
				4D05998927A818A80053D034 /* FetchAllViewController.swift */,
				4D0599A527A873490053D034 /* AllPostsViewCell.swift */,
				4D05999C27A822740053D034 /* Settings */,
				4D05999927A81BF80053D034 /* Model */,
				4D05998B27A818A80053D034 /* Main.storyboard */,
				4D05998E27A818AA0053D034 /* Assets.xcassets */,
				4D05999027A818AA0053D034 /* LaunchScreen.storyboard */,
				4D05999327A818AA0053D034 /* Info.plist */,
			);
			path = TaskLoadPosts;
			sourceTree = "<group>";
		};
		4D05999927A81BF80053D034 /* Model */ = {
			isa = PBXGroup;
			children = (
				4D05999A27A81C1E0053D034 /* ModelPosts.swift */,
			);
			name = Model;
			sourceTree = "<group>";
		};
		4D05999C27A822740053D034 /* Settings */ = {
			isa = PBXGroup;
			children = (
				4D05999F27A83B910053D034 /* Alamofire.swift */,
				4D0599A927AA911A0053D034 /* JsonPost */,
				4D0599AB27AA91540053D034 /* jsonPosts */,
			);
			name = Settings;
			sourceTree = "<group>";
		};
/* End PBXGroup section */

/* Begin PBXNativeTarget section */
		4D05998127A818A70053D034 /* TaskLoadPosts */ = {
			isa = PBXNativeTarget;
			buildConfigurationList = 4D05999627A818AA0053D034 /* Build configuration list for PBXNativeTarget "TaskLoadPosts" */;
			buildPhases = (
				59DD37B3446EAF43D3CD6EA5 /* [CP] Check Pods Manifest.lock */,
				4D05997E27A818A70053D034 /* Sources */,
				4D05997F27A818A70053D034 /* Frameworks */,
				4D05998027A818A70053D034 /* Resources */,
				7DAF3A891C5CB64FC3AE3CA6 /* [CP] Embed Pods Frameworks */,
			);
			buildRules = (
			);
			dependencies = (
			);
			name = TaskLoadPosts;
			productName = TaskLoadPosts;
			productReference = 4D05998227A818A70053D034 /* TaskLoadPosts.app */;
			productType = "com.apple.product-type.application";
		};
/* End PBXNativeTarget section */

/* Begin PBXProject section */
		4D05997A27A818A70053D034 /* Project object */ = {
			isa = PBXProject;
			attributes = {
				BuildIndependentTargetsInParallel = 1;
				LastSwiftUpdateCheck = 1320;
				LastUpgradeCheck = 1320;
				TargetAttributes = {
					4D05998127A818A70053D034 = {
						CreatedOnToolsVersion = 13.2.1;
					};
				};
			};
			buildConfigurationList = 4D05997D27A818A70053D034 /* Build configuration list for PBXProject "TaskLoadPosts" */;
			compatibilityVersion = "Xcode 13.0";
			developmentRegion = en;
			hasScannedForEncodings = 0;
			knownRegions = (
				en,
				Base,
			);
			mainGroup = 4D05997927A818A70053D034;
			productRefGroup = 4D05998327A818A70053D034 /* Products */;
			projectDirPath = "";
			projectRoot = "";
			targets = (
				4D05998127A818A70053D034 /* TaskLoadPosts */,
			);
		};
/* End PBXProject section */

/* Begin PBXResourcesBuildPhase section */
		4D05998027A818A70053D034 /* Resources */ = {
			isa = PBXResourcesBuildPhase;
			buildActionMask = 2147483647;
			files = (
				4D05999227A818AA0053D034 /* LaunchScreen.storyboard in Resources */,
				4D0599AC27AA91540053D034 /* jsonPosts in Resources */,
				4D05998F27A818AA0053D034 /* Assets.xcassets in Resources */,
				4D0599AA27AA911A0053D034 /* JsonPost in Resources */,
				4D05998D27A818A80053D034 /* Main.storyboard in Resources */,
			);
			runOnlyForDeploymentPostprocessing = 0;
		};
/* End PBXResourcesBuildPhase section */

/* Begin PBXShellScriptBuildPhase section */
		59DD37B3446EAF43D3CD6EA5 /* [CP] Check Pods Manifest.lock */ = {
			isa = PBXShellScriptBuildPhase;
			buildActionMask = 2147483647;
			files = (
			);
			inputFileListPaths = (
			);
			inputPaths = (
				"${PODS_PODFILE_DIR_PATH}/Podfile.lock",
				"${PODS_ROOT}/Manifest.lock",
			);
			name = "[CP] Check Pods Manifest.lock";
			outputFileListPaths = (
			);
			outputPaths = (
				"$(DERIVED_FILE_DIR)/Pods-TaskLoadPosts-checkManifestLockResult.txt",
			);
			runOnlyForDeploymentPostprocessing = 0;
			shellPath = /bin/sh;
			shellScript = "diff \"${PODS_PODFILE_DIR_PATH}/Podfile.lock\" \"${PODS_ROOT}/Manifest.lock\" > /dev/null\nif [ $? != 0 ] ; then\n    # print error to STDERR\n    echo \"error: The sandbox is not in sync with the Podfile.lock. Run 'pod install' or update your CocoaPods installation.\" >&2\n    exit 1\nfi\n# This output is used by Xcode 'outputs' to avoid re-running this script phase.\necho \"SUCCESS\" > \"${SCRIPT_OUTPUT_FILE_0}\"\n";
			showEnvVarsInLog = 0;
		};
		7DAF3A891C5CB64FC3AE3CA6 /* [CP] Embed Pods Frameworks */ = {
			isa = PBXShellScriptBuildPhase;
			buildActionMask = 2147483647;
			files = (
			);
			inputFileListPaths = (
				"${PODS_ROOT}/Target Support Files/Pods-TaskLoadPosts/Pods-TaskLoadPosts-frameworks-${CONFIGURATION}-input-files.xcfilelist",
			);
			name = "[CP] Embed Pods Frameworks";
			outputFileListPaths = (
				"${PODS_ROOT}/Target Support Files/Pods-TaskLoadPosts/Pods-TaskLoadPosts-frameworks-${CONFIGURATION}-output-files.xcfilelist",
			);
			runOnlyForDeploymentPostprocessing = 0;
			shellPath = /bin/sh;
			shellScript = "\"${PODS_ROOT}/Target Support Files/Pods-TaskLoadPosts/Pods-TaskLoadPosts-frameworks.sh\"\n";
			showEnvVarsInLog = 0;
		};
/* End PBXShellScriptBuildPhase section */

/* Begin PBXSourcesBuildPhase section */
		4D05997E27A818A70053D034 /* Sources */ = {
			isa = PBXSourcesBuildPhase;
			buildActionMask = 2147483647;
			files = (
				4D05998A27A818A80053D034 /* FetchAllViewController.swift in Sources */,
				4D05999B27A81C1E0053D034 /* ModelPosts.swift in Sources */,
				4D0599A027A83B910053D034 /* Alamofire.swift in Sources */,
				4D05998627A818A80053D034 /* AppDelegate.swift in Sources */,
				4D0599A627A873490053D034 /* AllPostsViewCell.swift in Sources */,
				4D05998827A818A80053D034 /* SceneDelegate.swift in Sources */,
			);
			runOnlyForDeploymentPostprocessing = 0;
		};
/* End PBXSourcesBuildPhase section */

/* Begin PBXVariantGroup section */
		4D05998B27A818A80053D034 /* Main.storyboard */ = {
			isa = PBXVariantGroup;
			children = (
				4D05998C27A818A80053D034 /* Base */,
			);
			name = Main.storyboard;
			sourceTree = "<group>";
		};
		4D05999027A818AA0053D034 /* LaunchScreen.storyboard */ = {
			isa = PBXVariantGroup;
			children = (
				4D05999127A818AA0053D034 /* Base */,
			);
			name = LaunchScreen.storyboard;
			sourceTree = "<group>";
		};
/* End PBXVariantGroup section */

/* Begin XCBuildConfiguration section */
		4D05999427A818AA0053D034 /* Debug */ = {
			isa = XCBuildConfiguration;
			buildSettings = {
				ALWAYS_SEARCH_USER_PATHS = NO;
				CLANG_ANALYZER_NONNULL = YES;
				CLANG_ANALYZER_NUMBER_OBJECT_CONVERSION = YES_AGGRESSIVE;
				CLANG_CXX_LANGUAGE_STANDARD = "gnu++17";
				CLANG_CXX_LIBRARY = "libc++";
				CLANG_ENABLE_MODULES = YES;
				CLANG_ENABLE_OBJC_ARC = YES;
				CLANG_ENABLE_OBJC_WEAK = YES;
				CLANG_WARN_BLOCK_CAPTURE_AUTORELEASING = YES;
				CLANG_WARN_BOOL_CONVERSION = YES;
				CLANG_WARN_COMMA = YES;
				CLANG_WARN_CONSTANT_CONVERSION = YES;
				CLANG_WARN_DEPRECATED_OBJC_IMPLEMENTATIONS = YES;
				CLANG_WARN_DIRECT_OBJC_ISA_USAGE = YES_ERROR;
				CLANG_WARN_DOCUMENTATION_COMMENTS = YES;
				CLANG_WARN_EMPTY_BODY = YES;
				CLANG_WARN_ENUM_CONVERSION = YES;
				CLANG_WARN_INFINITE_RECURSION = YES;
				CLANG_WARN_INT_CONVERSION = YES;
				CLANG_WARN_NON_LITERAL_NULL_CONVERSION = YES;
				CLANG_WARN_OBJC_IMPLICIT_RETAIN_SELF = YES;
				CLANG_WARN_OBJC_LITERAL_CONVERSION = YES;
				CLANG_WARN_OBJC_ROOT_CLASS = YES_ERROR;
				CLANG_WARN_QUOTED_INCLUDE_IN_FRAMEWORK_HEADER = YES;
				CLANG_WARN_RANGE_LOOP_ANALYSIS = YES;
				CLANG_WARN_STRICT_PROTOTYPES = YES;
				CLANG_WARN_SUSPICIOUS_MOVE = YES;
				CLANG_WARN_UNGUARDED_AVAILABILITY = YES_AGGRESSIVE;
				CLANG_WARN_UNREACHABLE_CODE = YES;
				CLANG_WARN__DUPLICATE_METHOD_MATCH = YES;
				COPY_PHASE_STRIP = NO;
				DEBUG_INFORMATION_FORMAT = dwarf;
				ENABLE_STRICT_OBJC_MSGSEND = YES;
				ENABLE_TESTABILITY = YES;
				GCC_C_LANGUAGE_STANDARD = gnu11;
				GCC_DYNAMIC_NO_PIC = NO;
				GCC_NO_COMMON_BLOCKS = YES;
				GCC_OPTIMIZATION_LEVEL = 0;
				GCC_PREPROCESSOR_DEFINITIONS = (
					"DEBUG=1",
					"$(inherited)",
				);
				GCC_WARN_64_TO_32_BIT_CONVERSION = YES;
				GCC_WARN_ABOUT_RETURN_TYPE = YES_ERROR;
				GCC_WARN_UNDECLARED_SELECTOR = YES;
				GCC_WARN_UNINITIALIZED_AUTOS = YES_AGGRESSIVE;
				GCC_WARN_UNUSED_FUNCTION = YES;
				GCC_WARN_UNUSED_VARIABLE = YES;
				IPHONEOS_DEPLOYMENT_TARGET = 15.2;
				MTL_ENABLE_DEBUG_INFO = INCLUDE_SOURCE;
				MTL_FAST_MATH = YES;
				ONLY_ACTIVE_ARCH = YES;
				SDKROOT = iphoneos;
				SWIFT_ACTIVE_COMPILATION_CONDITIONS = DEBUG;
				SWIFT_OPTIMIZATION_LEVEL = "-Onone";
			};
			name = Debug;
		};
		4D05999527A818AA0053D034 /* Release */ = {
			isa = XCBuildConfiguration;
			buildSettings = {
				ALWAYS_SEARCH_USER_PATHS = NO;
				CLANG_ANALYZER_NONNULL = YES;
				CLANG_ANALYZER_NUMBER_OBJECT_CONVERSION = YES_AGGRESSIVE;
				CLANG_CXX_LANGUAGE_STANDARD = "gnu++17";
				CLANG_CXX_LIBRARY = "libc++";
				CLANG_ENABLE_MODULES = YES;
				CLANG_ENABLE_OBJC_ARC = YES;
				CLANG_ENABLE_OBJC_WEAK = YES;
				CLANG_WARN_BLOCK_CAPTURE_AUTORELEASING = YES;
				CLANG_WARN_BOOL_CONVERSION = YES;
				CLANG_WARN_COMMA = YES;
				CLANG_WARN_CONSTANT_CONVERSION = YES;
				CLANG_WARN_DEPRECATED_OBJC_IMPLEMENTATIONS = YES;
				CLANG_WARN_DIRECT_OBJC_ISA_USAGE = YES_ERROR;
				CLANG_WARN_DOCUMENTATION_COMMENTS = YES;
				CLANG_WARN_EMPTY_BODY = YES;
				CLANG_WARN_ENUM_CONVERSION = YES;
				CLANG_WARN_INFINITE_RECURSION = YES;
				CLANG_WARN_INT_CONVERSION = YES;
				CLANG_WARN_NON_LITERAL_NULL_CONVERSION = YES;
				CLANG_WARN_OBJC_IMPLICIT_RETAIN_SELF = YES;
				CLANG_WARN_OBJC_LITERAL_CONVERSION = YES;
				CLANG_WARN_OBJC_ROOT_CLASS = YES_ERROR;
				CLANG_WARN_QUOTED_INCLUDE_IN_FRAMEWORK_HEADER = YES;
				CLANG_WARN_RANGE_LOOP_ANALYSIS = YES;
				CLANG_WARN_STRICT_PROTOTYPES = YES;
				CLANG_WARN_SUSPICIOUS_MOVE = YES;
				CLANG_WARN_UNGUARDED_AVAILABILITY = YES_AGGRESSIVE;
				CLANG_WARN_UNREACHABLE_CODE = YES;
				CLANG_WARN__DUPLICATE_METHOD_MATCH = YES;
				COPY_PHASE_STRIP = NO;
				DEBUG_INFORMATION_FORMAT = "dwarf-with-dsym";
				ENABLE_NS_ASSERTIONS = NO;
				ENABLE_STRICT_OBJC_MSGSEND = YES;
				GCC_C_LANGUAGE_STANDARD = gnu11;
				GCC_NO_COMMON_BLOCKS = YES;
				GCC_WARN_64_TO_32_BIT_CONVERSION = YES;
				GCC_WARN_ABOUT_RETURN_TYPE = YES_ERROR;
				GCC_WARN_UNDECLARED_SELECTOR = YES;
				GCC_WARN_UNINITIALIZED_AUTOS = YES_AGGRESSIVE;
				GCC_WARN_UNUSED_FUNCTION = YES;
				GCC_WARN_UNUSED_VARIABLE = YES;
				IPHONEOS_DEPLOYMENT_TARGET = 15.2;
				MTL_ENABLE_DEBUG_INFO = NO;
				MTL_FAST_MATH = YES;
				SDKROOT = iphoneos;
				SWIFT_COMPILATION_MODE = wholemodule;
				SWIFT_OPTIMIZATION_LEVEL = "-O";
				VALIDATE_PRODUCT = YES;
			};
			name = Release;
		};
		4D05999727A818AA0053D034 /* Debug */ = {
			isa = XCBuildConfiguration;
			baseConfigurationReference = 89824E92610FF845D40CDBA1 /* Pods-TaskLoadPosts.debug.xcconfig */;
			buildSettings = {
				ASSETCATALOG_COMPILER_APPICON_NAME = AppIcon;
				ASSETCATALOG_COMPILER_GLOBAL_ACCENT_COLOR_NAME = AccentColor;
				CODE_SIGN_STYLE = Automatic;
				CURRENT_PROJECT_VERSION = 1;
				DEVELOPMENT_TEAM = RF567GTML6;
				GENERATE_INFOPLIST_FILE = YES;
				INFOPLIST_FILE = TaskLoadPosts/Info.plist;
				INFOPLIST_KEY_UIApplicationSupportsIndirectInputEvents = YES;
				INFOPLIST_KEY_UILaunchStoryboardName = LaunchScreen;
				INFOPLIST_KEY_UIMainStoryboardFile = Main;
				INFOPLIST_KEY_UISupportedInterfaceOrientations_iPad = "UIInterfaceOrientationPortrait UIInterfaceOrientationPortraitUpsideDown UIInterfaceOrientationLandscapeLeft UIInterfaceOrientationLandscapeRight";
				INFOPLIST_KEY_UISupportedInterfaceOrientations_iPhone = "UIInterfaceOrientationPortrait UIInterfaceOrientationLandscapeLeft UIInterfaceOrientationLandscapeRight";
				LD_RUNPATH_SEARCH_PATHS = (
					"$(inherited)",
					"@executable_path/Frameworks",
				);
				MARKETING_VERSION = 1.0;
				PRODUCT_BUNDLE_IDENTIFIER = myTeam.TaskLoadPosts;
				PRODUCT_NAME = "$(TARGET_NAME)";
				SWIFT_EMIT_LOC_STRINGS = YES;
				SWIFT_VERSION = 5.0;
				TARGETED_DEVICE_FAMILY = "1,2";
			};
			name = Debug;
		};
		4D05999827A818AA0053D034 /* Release */ = {
			isa = XCBuildConfiguration;
			baseConfigurationReference = 3FC59209BADCFD83A5386B42 /* Pods-TaskLoadPosts.release.xcconfig */;
			buildSettings = {
				ASSETCATALOG_COMPILER_APPICON_NAME = AppIcon;
				ASSETCATALOG_COMPILER_GLOBAL_ACCENT_COLOR_NAME = AccentColor;
				CODE_SIGN_STYLE = Automatic;
				CURRENT_PROJECT_VERSION = 1;
				DEVELOPMENT_TEAM = RF567GTML6;
				GENERATE_INFOPLIST_FILE = YES;
				INFOPLIST_FILE = TaskLoadPosts/Info.plist;
				INFOPLIST_KEY_UIApplicationSupportsIndirectInputEvents = YES;
				INFOPLIST_KEY_UILaunchStoryboardName = LaunchScreen;
				INFOPLIST_KEY_UIMainStoryboardFile = Main;
				INFOPLIST_KEY_UISupportedInterfaceOrientations_iPad = "UIInterfaceOrientationPortrait UIInterfaceOrientationPortraitUpsideDown UIInterfaceOrientationLandscapeLeft UIInterfaceOrientationLandscapeRight";
				INFOPLIST_KEY_UISupportedInterfaceOrientations_iPhone = "UIInterfaceOrientationPortrait UIInterfaceOrientationLandscapeLeft UIInterfaceOrientationLandscapeRight";
				LD_RUNPATH_SEARCH_PATHS = (
					"$(inherited)",
					"@executable_path/Frameworks",
				);
				MARKETING_VERSION = 1.0;
				PRODUCT_BUNDLE_IDENTIFIER = myTeam.TaskLoadPosts;
				PRODUCT_NAME = "$(TARGET_NAME)";
				SWIFT_EMIT_LOC_STRINGS = YES;
				SWIFT_VERSION = 5.0;
				TARGETED_DEVICE_FAMILY = "1,2";
			};
			name = Release;
		};
/* End XCBuildConfiguration section */

/* Begin XCConfigurationList section */
		4D05997D27A818A70053D034 /* Build configuration list for PBXProject "TaskLoadPosts" */ = {
			isa = XCConfigurationList;
			buildConfigurations = (
				4D05999427A818AA0053D034 /* Debug */,
				4D05999527A818AA0053D034 /* Release */,
			);
			defaultConfigurationIsVisible = 0;
			defaultConfigurationName = Release;
		};
		4D05999627A818AA0053D034 /* Build configuration list for PBXNativeTarget "TaskLoadPosts" */ = {
			isa = XCConfigurationList;
			buildConfigurations = (
				4D05999727A818AA0053D034 /* Debug */,
				4D05999827A818AA0053D034 /* Release */,
			);
			defaultConfigurationIsVisible = 0;
			defaultConfigurationName = Release;
		};
/* End XCConfigurationList section */
	};
	rootObject = 4D05997A27A818A70053D034 /* Project object */;
}
